
Microsoft Visual Studio Solution File, Format Version 12.00
# Visual Studio Version 17
VisualStudioVersion = 17.4.33403.182
MinimumVisualStudioVersion = 10.0.40219.1
Project("{FAE04EC0-301F-11D3-BF4B-00C04F79EFBC}") = "TrabajadoresPrueba", "TrabajadoresPrueba\TrabajadoresPrueba.csproj", "{CF9B69AD-8F8F-4E32-93B4-514056AF4CEC}"
EndProject
Global
	GlobalSection(SolutionConfigurationPlatforms) = preSolution
		Debug|Any CPU = Debug|Any CPU
		Release|Any CPU = Release|Any CPU
	EndGlobalSection
	GlobalSection(ProjectConfigurationPlatforms) = postSolution
		{CF9B69AD-8F8F-4E32-93B4-514056AF4CEC}.Debug|Any CPU.ActiveCfg = Debug|Any CPU
		{CF9B69AD-8F8F-4E32-93B4-514056AF4CEC}.Debug|Any CPU.Build.0 = Debug|Any CPU
		{CF9B69AD-8F8F-4E32-93B4-514056AF4CEC}.Release|Any CPU.ActiveCfg = Release|Any CPU
		{CF9B69AD-8F8F-4E32-93B4-514056AF4CEC}.Release|Any CPU.Build.0 = Release|Any CPU
	EndGlobalSection
	GlobalSection(SolutionProperties) = preSolution
		HideSolutionNode = FALSE
	EndGlobalSection
	GlobalSection(ExtensibilityGlobals) = postSolution
		SolutionGuid = {F39E6301-0097-4674-BAED-A5C7712687FD}
	EndGlobalSection
EndGlobal
